hash: c5e212755e461b5436fc3ab21acd924181f241e001e47db7ccb6e27f79fad720
updated: 2017-11-30T12:50:41.584338-05:00
imports:
- name: github.com/davecgh/go-spew
  version: ecdeabc65495df2dec95d7c4a4c3e021903035e5
  subpackages:
  - spew
- name: github.com/go-sql-driver/mysql
  version: cd4cb909ce1a31435164be29bf3682031f61539a
- name: github.com/golang/protobuf
  version: 1e59b77b52bf8e4b449a57e6f79f21226d571845
  subpackages:
  - proto
- name: github.com/gorilla/context
  version: 08b5f424b9271eedf6f9f0ce86cb9396ed337a42
- name: github.com/gorilla/mux
  version: ac112f7d75a0714af1bd86ab17749b31f7809640
- name: github.com/leonj1/enchilada
  version: a517682b41d39f563acd731c7ee69e3495010ad6
  subpackages:
  - models
- name: github.com/orcaman/concurrent-map
  version: 2ae17bc4c860c83513ee50feb9746f3e50d7515d
- name: golang.org/x/net
  version: a8b9294777976932365dabb6640cf1468d95c70f
  subpackages:
  - context
- name: google.golang.org/appengine
  version: 9d8544a6b2c7df9cff240fcf92d7b2f59bc13416
  subpackages:
  - internal
  - internal/app_identity
  - internal/base
  - internal/datastore
  - internal/log
  - internal/modules
  - internal/remote_api
- name: google.golang.org/appengine/cloudsql
  version: 9d8544a6b2c7df9cff240fcf92d7b2f59bc13416
testImports: []
